
Microsoft Visual Studio Solution File, Format Version 12.00
# Visual Studio Version 17
VisualStudioVersion = 17.9.34728.123
MinimumVisualStudioVersion = 10.0.40219.1
Project("{9A19103F-16F7-4668-BE54-9A1E7A4F7556}") = "State-ApiSideOnly", "State-ApiSideOnly\State-ApiSideOnly.csproj", "{60E919FB-A66A-4B89-9BC6-AF276A4E1710}"
EndProject
Global
	GlobalSection(SolutionConfigurationPlatforms) = preSolution
		Debug|Any CPU = Debug|Any CPU
		Release|Any CPU = Release|Any CPU
	EndGlobalSection
	GlobalSection(ProjectConfigurationPlatforms) = postSolution
		{60E919FB-A66A-4B89-9BC6-AF276A4E1710}.Debug|Any CPU.ActiveCfg = Debug|Any CPU
		{60E919FB-A66A-4B89-9BC6-AF276A4E1710}.Debug|Any CPU.Build.0 = Debug|Any CPU
		{60E919FB-A66A-4B89-9BC6-AF276A4E1710}.Release|Any CPU.ActiveCfg = Release|Any CPU
		{60E919FB-A66A-4B89-9BC6-AF276A4E1710}.Release|Any CPU.Build.0 = Release|Any CPU
	EndGlobalSection
	GlobalSection(SolutionProperties) = preSolution
		HideSolutionNode = FALSE
	EndGlobalSection
	GlobalSection(ExtensibilityGlobals) = postSolution
		SolutionGuid = {51062BA2-779E-4627-8757-208FAC1A50CE}
	EndGlobalSection
EndGlobal
